
Microsoft Visual Studio Solution File, Format Version 12.00
# Visual Studio Version 17
VisualStudioVersion = 17.5.002.0
MinimumVisualStudioVersion = 10.0.40219.1
Project("{9A19103F-16F7-4668-BE54-9A1E7A4F7556}") = "ToEmoji", "ToEmoji.csproj", "{EB4D8974-4112-470E-B5F1-D7D32819D279}"
EndProject
Global
	GlobalSection(SolutionConfigurationPlatforms) = preSolution
		Debug|Any CPU = Debug|Any CPU
		Release|Any CPU = Release|Any CPU
	EndGlobalSection
	GlobalSection(ProjectConfigurationPlatforms) = postSolution
		{EB4D8974-4112-470E-B5F1-D7D32819D279}.Debug|Any CPU.ActiveCfg = Debug|Any CPU
		{EB4D8974-4112-470E-B5F1-D7D32819D279}.Debug|Any CPU.Build.0 = Debug|Any CPU
		{EB4D8974-4112-470E-B5F1-D7D32819D279}.Release|Any CPU.ActiveCfg = Release|Any CPU
		{EB4D8974-4112-470E-B5F1-D7D32819D279}.Release|Any CPU.Build.0 = Release|Any CPU
	EndGlobalSection
	GlobalSection(SolutionProperties) = preSolution
		HideSolutionNode = FALSE
	EndGlobalSection
	GlobalSection(ExtensibilityGlobals) = postSolution
		SolutionGuid = {E39DFFC5-895F-4FF1-95C6-E633749BB81F}
	EndGlobalSection
EndGlobal
